
Microsoft Visual Studio Solution File, Format Version 12.00
# Visual Studio Version 16
VisualStudioVersion = 16.0.30204.135
MinimumVisualStudioVersion = 10.0.40219.1
Project("{FAE04EC0-301F-11D3-BF4B-00C04F79EFBC}") = "Model", "Model\Model.csproj", "{A019C5D9-E18D-461F-93E6-60E856C3455A}"
EndProject
Project("{FAE04EC0-301F-11D3-BF4B-00C04F79EFBC}") = "Controller", "Controller\Controller.csproj", "{2E769943-0B4A-4154-993C-5E5B6D345223}"
EndProject
Project("{FAE04EC0-301F-11D3-BF4B-00C04F79EFBC}") = "Views", "Views\Views.csproj", "{1F516180-E0CC-46D2-BD34-AD866D98AC79}"
EndProject
Global
	GlobalSection(SolutionConfigurationPlatforms) = preSolution
		Debug|Any CPU = Debug|Any CPU
		Release|Any CPU = Release|Any CPU
	EndGlobalSection
	GlobalSection(ProjectConfigurationPlatforms) = postSolution
		{A019C5D9-E18D-461F-93E6-60E856C3455A}.Debug|Any CPU.ActiveCfg = Debug|Any CPU
		{A019C5D9-E18D-461F-93E6-60E856C3455A}.Debug|Any CPU.Build.0 = Debug|Any CPU
		{A019C5D9-E18D-461F-93E6-60E856C3455A}.Release|Any CPU.ActiveCfg = Release|Any CPU
		{A019C5D9-E18D-461F-93E6-60E856C3455A}.Release|Any CPU.Build.0 = Release|Any CPU
		{2E769943-0B4A-4154-993C-5E5B6D345223}.Debug|Any CPU.ActiveCfg = Debug|Any CPU
		{2E769943-0B4A-4154-993C-5E5B6D345223}.Debug|Any CPU.Build.0 = Debug|Any CPU
		{2E769943-0B4A-4154-993C-5E5B6D345223}.Release|Any CPU.ActiveCfg = Release|Any CPU
		{2E769943-0B4A-4154-993C-5E5B6D345223}.Release|Any CPU.Build.0 = Release|Any CPU
		{1F516180-E0CC-46D2-BD34-AD866D98AC79}.Debug|Any CPU.ActiveCfg = Debug|Any CPU
		{1F516180-E0CC-46D2-BD34-AD866D98AC79}.Debug|Any CPU.Build.0 = Debug|Any CPU
		{1F516180-E0CC-46D2-BD34-AD866D98AC79}.Release|Any CPU.ActiveCfg = Release|Any CPU
		{1F516180-E0CC-46D2-BD34-AD866D98AC79}.Release|Any CPU.Build.0 = Release|Any CPU
	EndGlobalSection
	GlobalSection(SolutionProperties) = preSolution
		HideSolutionNode = FALSE
	EndGlobalSection
	GlobalSection(ExtensibilityGlobals) = postSolution
		SolutionGuid = {0FED1AD1-CE0C-4539-941C-A44670BA5C79}
	EndGlobalSection
EndGlobal
